
Microsoft Visual Studio Solution File, Format Version 12.00
# Visual Studio Version 17
VisualStudioVersion = 17.0.32014.148
MinimumVisualStudioVersion = 10.0.40219.1
Project("{FAE04EC0-301F-11D3-BF4B-00C04F79EFBC}") = "momo", "OSD.csproj", "{59DEF95A-E081-4E97-BB0C-72436988D4B4}"
EndProject
Global
	GlobalSection(SolutionConfigurationPlatforms) = preSolution
		Debug|Any CPU = Debug|Any CPU
		Release|Any CPU = Release|Any CPU
	EndGlobalSection
	GlobalSection(ProjectConfigurationPlatforms) = postSolution
		{59DEF95A-E081-4E97-BB0C-72436988D4B4}.Debug|Any CPU.ActiveCfg = Debug|Any CPU
		{59DEF95A-E081-4E97-BB0C-72436988D4B4}.Debug|Any CPU.Build.0 = Debug|Any CPU
		{59DEF95A-E081-4E97-BB0C-72436988D4B4}.Release|Any CPU.ActiveCfg = Release|Any CPU
		{59DEF95A-E081-4E97-BB0C-72436988D4B4}.Release|Any CPU.Build.0 = Release|Any CPU
	EndGlobalSection
	GlobalSection(SolutionProperties) = preSolution
		HideSolutionNode = FALSE
	EndGlobalSection
	GlobalSection(ExtensibilityGlobals) = postSolution
		SolutionGuid = {4AE21B2E-A21C-4B00-99D2-DB69CDA0E5C0}
	EndGlobalSection
EndGlobal
